
Microsoft Visual Studio Solution File, Format Version 12.00
# Visual Studio 14
VisualStudioVersion = 14.0.25420.1
MinimumVisualStudioVersion = 10.0.40219.1
Project("{FAE04EC0-301F-11D3-BF4B-00C04F79EFBC}") = "QUANLYKHACHSAN1", "QUANLYKHACHSAN1\QUANLYKHACHSAN1.csproj", "{20B3648A-C2E7-446C-BA92-46833D5156D7}"
EndProject
Project("{FAE04EC0-301F-11D3-BF4B-00C04F79EFBC}") = "data1", "data1\data1.csproj", "{D37E6A78-E091-4683-A1B4-F30D3F8ADC85}"
EndProject
Project("{FAE04EC0-301F-11D3-BF4B-00C04F79EFBC}") = "bus", "bus\bus.csproj", "{87255F00-95E2-4C47-AD24-0E537E45A2A7}"
EndProject
Global
	GlobalSection(SolutionConfigurationPlatforms) = preSolution
		Debug|Any CPU = Debug|Any CPU
		Release|Any CPU = Release|Any CPU
	EndGlobalSection
	GlobalSection(ProjectConfigurationPlatforms) = postSolution
		{20B3648A-C2E7-446C-BA92-46833D5156D7}.Debug|Any CPU.ActiveCfg = Debug|Any CPU
		{20B3648A-C2E7-446C-BA92-46833D5156D7}.Debug|Any CPU.Build.0 = Debug|Any CPU
		{20B3648A-C2E7-446C-BA92-46833D5156D7}.Release|Any CPU.ActiveCfg = Release|Any CPU
		{20B3648A-C2E7-446C-BA92-46833D5156D7}.Release|Any CPU.Build.0 = Release|Any CPU
		{D37E6A78-E091-4683-A1B4-F30D3F8ADC85}.Debug|Any CPU.ActiveCfg = Debug|Any CPU
		{D37E6A78-E091-4683-A1B4-F30D3F8ADC85}.Debug|Any CPU.Build.0 = Debug|Any CPU
		{D37E6A78-E091-4683-A1B4-F30D3F8ADC85}.Release|Any CPU.ActiveCfg = Release|Any CPU
		{D37E6A78-E091-4683-A1B4-F30D3F8ADC85}.Release|Any CPU.Build.0 = Release|Any CPU
		{87255F00-95E2-4C47-AD24-0E537E45A2A7}.Debug|Any CPU.ActiveCfg = Debug|Any CPU
		{87255F00-95E2-4C47-AD24-0E537E45A2A7}.Debug|Any CPU.Build.0 = Debug|Any CPU
		{87255F00-95E2-4C47-AD24-0E537E45A2A7}.Release|Any CPU.ActiveCfg = Release|Any CPU
		{87255F00-95E2-4C47-AD24-0E537E45A2A7}.Release|Any CPU.Build.0 = Release|Any CPU
	EndGlobalSection
	GlobalSection(SolutionProperties) = preSolution
		HideSolutionNode = FALSE
	EndGlobalSection
EndGlobal
